{
  "nodes": {
    "flake-utils": {
      "inputs": {
        "systems": "systems"
      },
      "locked": {
        "lastModified": 1709126324,
        "narHash": "sha256-q6EQdSeUZOG26WelxqkmR7kArjgWCdw5sfJVHPH/7j8=",
        "owner": "numtide",
        "repo": "flake-utils",
        "rev": "d465f4819400de7c8d874d50b982301f28a84605",
        "type": "github"
      },
      "original": {
        "owner": "numtide",
        "repo": "flake-utils",
        "type": "github"
      }
    },
    "flakey-profile": {
      "locked": {
        "lastModified": 1711325813,
        "narHash": "sha256-ygJR5VikyCfK0CUJHboOKJVr6s9HQ1RXcvFEFnv+KIk=",
        "owner": "lf-",
        "repo": "flakey-profile",
        "rev": "3b32c4a71f89b874fe0be2dc125eacb9c3473204",
        "type": "github"
      },
      "original": {
        "owner": "lf-",
        "repo": "flakey-profile",
        "type": "github"
      }
    },
    "lix": {
      "flake": false,
      "locked": {
        "lastModified": 1714774053,
        "narHash": "sha256-RaiwQCGFhC1WtieS2N3FotIlKSowq+R6ETyY6nZnPh8=",
        "ref": "refs/heads/main",
        "rev": "549d609a7bce2b4ac28808a76a72d7f3743b9c76",
        "revCount": 15471,
        "type": "git",
        "url": "ssh://git@git.lix.systems/lix-project/lix.git"
      },
      "original": {
        "type": "git",
        "url": "ssh://git@git.lix.systems/lix-project/lix.git"
      }
    },
    "nixpkgs": {
      "locked": {
        "lastModified": 1714635257,
        "narHash": "sha256-4cPymbty65RvF1DWQfc+Bc8B233A1BWxJnNULJKQ1EY=",
        "owner": "nixos",
        "repo": "nixpkgs",
        "rev": "63c3a29ca82437c87573e4c6919b09a24ea61b0f",
        "type": "github"
      },
      "original": {
        "owner": "nixos",
        "ref": "nixos-unstable",
        "repo": "nixpkgs",
        "type": "github"
      }
    },
    "root": {
      "inputs": {
        "flake-utils": "flake-utils",
        "flakey-profile": "flakey-profile",
        "lix": "lix",
        "nixpkgs": "nixpkgs"
      }
    },
    "systems": {
      "locked": {
        "lastModified": 1681028828,
        "narHash": "sha256-Vy1rq5AaRuLzOxct8nz4T6wlgyUR7zLU309k9mBC768=",
        "owner": "nix-systems",
        "repo": "default",
        "rev": "da67096a3b9bf56a91d16901293e51ba5b49a27e",
        "type": "github"
      },
      "original": {
        "owner": "nix-systems",
        "repo": "default",
        "type": "github"
      }
    }
  },
  "root": "root",
  "version": 7
}
